
Microsoft Visual Studio Solution File, Format Version 9.00
# Visual Studio 2005
Project("{8BC9CEB8-8B4A-11D0-8D11-00A0C91BC942}") = "gnash", "gnash.vcproj", "{E5A44530-7782-42A2-A41D-238670499C44}"
EndProject
Project("{8BC9CEB8-8B4A-11D0-8D11-00A0C91BC942}") = "npgnash", "npgnash.vcproj", "{DDC708C5-495F-4FDC-9AC9-BD9C518E7533}"
EndProject
Global
	GlobalSection(SolutionConfigurationPlatforms) = preSolution
		Debug|Win32 = Debug|Win32
		Release|Win32 = Release|Win32
	EndGlobalSection
	GlobalSection(ProjectConfigurationPlatforms) = postSolution
		{E5A44530-7782-42A2-A41D-238670499C44}.Debug|Win32.ActiveCfg = Debug|Win32
		{E5A44530-7782-42A2-A41D-238670499C44}.Debug|Win32.Build.0 = Debug|Win32
		{E5A44530-7782-42A2-A41D-238670499C44}.Release|Win32.ActiveCfg = Release|Win32
		{E5A44530-7782-42A2-A41D-238670499C44}.Release|Win32.Build.0 = Release|Win32
		{DDC708C5-495F-4FDC-9AC9-BD9C518E7533}.Debug|Win32.ActiveCfg = Debug|Win32
		{DDC708C5-495F-4FDC-9AC9-BD9C518E7533}.Debug|Win32.Build.0 = Debug|Win32
		{DDC708C5-495F-4FDC-9AC9-BD9C518E7533}.Release|Win32.ActiveCfg = Release|Win32
		{DDC708C5-495F-4FDC-9AC9-BD9C518E7533}.Release|Win32.Build.0 = Release|Win32
	EndGlobalSection
	GlobalSection(SolutionProperties) = preSolution
		HideSolutionNode = FALSE
	EndGlobalSection
EndGlobal
